Microsoft Visual Studio Solution File, Format Version 12.00
# Visual Studio Version 17
VisualStudioVersion = 17.5.2.0
MinimumVisualStudioVersion = 10.0.40219.1
Project("{FAE04EC0-301F-11D3-BF4B-00C04F79EFBC}") = "ReStoreX", "ReStoreX.csproj", "{929C17FA-91E4-47D2-42C3-CA2E7407BAFA}"
EndProject
Global
	GlobalSection(SolutionConfigurationPlatforms) = preSolution
		Debug|Any CPU = Debug|Any CPU
		Release|Any CPU = Release|Any CPU
	EndGlobalSection
	GlobalSection(ProjectConfigurationPlatforms) = postSolution
		{929C17FA-91E4-47D2-42C3-CA2E7407BAFA}.Debug|Any CPU.ActiveCfg = Debug|Any CPU
		{929C17FA-91E4-47D2-42C3-CA2E7407BAFA}.Debug|Any CPU.Build.0 = Debug|Any CPU
		{929C17FA-91E4-47D2-42C3-CA2E7407BAFA}.Release|Any CPU.ActiveCfg = Release|Any CPU
		{929C17FA-91E4-47D2-42C3-CA2E7407BAFA}.Release|Any CPU.Build.0 = Release|Any CPU
	EndGlobalSection
	GlobalSection(SolutionProperties) = preSolution
		HideSolutionNode = FALSE
	EndGlobalSection
	GlobalSection(ExtensibilityGlobals) = postSolution
		SolutionGuid = {2432AFB5-1BBB-4A48-B864-0A6434102F53}
	EndGlobalSection
EndGlobal
